{
  "name": "6.tapable",
  "version": "1.0.0",
  "lockfileVersion": 2,
  "requires": true,
  "packages": {
    "": {
      "name": "6.tapable",
      "version": "1.0.0",
      "license": "ISC",
      "dependencies": {
        "tapable": "^2.2.1"
      }
    },
    "node_modules/tapable": {
      "version": "2.2.1",
      "resolved": "https://registry.nlark.com/tapable/download/tapable-2.2.1.tgz",
      "integrity": "sha1-GWenPvQGCoLxKrlq+G1S/bdu7KA=",
      "engines": {
        "node": ">=6"
      }
    }
  },
  "dependencies": {
    "tapable": {
      "version": "2.2.1",
      "resolved": "https://registry.nlark.com/tapable/download/tapable-2.2.1.tgz",
      "integrity": "sha1-GWenPvQGCoLxKrlq+G1S/bdu7KA="
    }
  }
}
